// !$*UTF8*$!
{
	archiveVersion = 1;
	classes = {
	};
	objectVersion = 50;
	objects = {

/* Begin PBXBuildFile section */
		190DC0C1244224F700BDFD9A /* HomeAssembly.swift in Sources */ = {isa = PBXBuildFile; fileRef = 190DC0C0244224F700BDFD9A /* HomeAssembly.swift */; };
		190DC0C32442250000BDFD9A /* ProfileAssembly.swift in Sources */ = {isa = PBXBuildFile; fileRef = 190DC0C22442250000BDFD9A /* ProfileAssembly.swift */; };
		190DC0C52442250F00BDFD9A /* RidesAssembly.swift in Sources */ = {isa = PBXBuildFile; fileRef = 190DC0C42442250F00BDFD9A /* RidesAssembly.swift */; };
		1911D4412455833D00495AD8 /* RideListItem.swift in Sources */ = {isa = PBXBuildFile; fileRef = 1911D4402455833D00495AD8 /* RideListItem.swift */; };
		1911D44524558A3F00495AD8 /* CircuitRepositoryTest.swift in Sources */ = {isa = PBXBuildFile; fileRef = 1911D44424558A3F00495AD8 /* CircuitRepositoryTest.swift */; };
		1911D44724558A4900495AD8 /* RideRepositoryTest.swift in Sources */ = {isa = PBXBuildFile; fileRef = 1911D44624558A4900495AD8 /* RideRepositoryTest.swift */; };
		1912B881245349970026CD83 /* MockLocalRepository.swift in Sources */ = {isa = PBXBuildFile; fileRef = 1912B880245349970026CD83 /* MockLocalRepository.swift */; };
		1912B88324534FEE0026CD83 /* UserRepositoryMocks.swift in Sources */ = {isa = PBXBuildFile; fileRef = 1912B88224534FEE0026CD83 /* UserRepositoryMocks.swift */; };
		1933B39A2441ACAE00D0BF44 /* User.swift in Sources */ = {isa = PBXBuildFile; fileRef = 1933B3992441ACAE00D0BF44 /* User.swift */; };
		1933B39D2441AFC500D0BF44 /* TabBarView.swift in Sources */ = {isa = PBXBuildFile; fileRef = 1933B39C2441AFC500D0BF44 /* TabBarView.swift */; };
		1933B3A22441B01100D0BF44 /* ProfileView.swift in Sources */ = {isa = PBXBuildFile; fileRef = 1933B3A12441B01100D0BF44 /* ProfileView.swift */; };
		1933B3A42441B01E00D0BF44 /* RidesView.swift in Sources */ = {isa = PBXBuildFile; fileRef = 1933B3A32441B01E00D0BF44 /* RidesView.swift */; };
		1933B3A62441B02600D0BF44 /* HomeView.swift in Sources */ = {isa = PBXBuildFile; fileRef = 1933B3A52441B02600D0BF44 /* HomeView.swift */; };
		1933B3A92441BC6900D0BF44 /* String+Extension.swift in Sources */ = {isa = PBXBuildFile; fileRef = 1933B3A82441BC6900D0BF44 /* String+Extension.swift */; };
		193BF2B3244C956B0017E644 /* RideService.swift in Sources */ = {isa = PBXBuildFile; fileRef = 193BF2B2244C956B0017E644 /* RideService.swift */; };
		193BF2B6244C95A20017E644 /* RideRepository.swift in Sources */ = {isa = PBXBuildFile; fileRef = 193BF2B5244C95A20017E644 /* RideRepository.swift */; };
		193BF2B9244C96C60017E644 /* RideListResponse.swift in Sources */ = {isa = PBXBuildFile; fileRef = 193BF2B8244C96C60017E644 /* RideListResponse.swift */; };
		193BF2BC244C99000017E644 /* RideListRequest.swift in Sources */ = {isa = PBXBuildFile; fileRef = 193BF2BB244C99000017E644 /* RideListRequest.swift */; };
		193BF2BE244C99E70017E644 /* AddRideRequest.swift in Sources */ = {isa = PBXBuildFile; fileRef = 193BF2BD244C99E70017E644 /* AddRideRequest.swift */; };
		193BF2C0244C9C510017E644 /* AddRideResponse.swift in Sources */ = {isa = PBXBuildFile; fileRef = 193BF2BF244C9C510017E644 /* AddRideResponse.swift */; };
		193BF2C2244C9DBB0017E644 /* Ride.swift in Sources */ = {isa = PBXBuildFile; fileRef = 193BF2C1244C9DBB0017E644 /* Ride.swift */; };
		193BF2C4244C9F770017E644 /* RidesViewModel.swift in Sources */ = {isa = PBXBuildFile; fileRef = 193BF2C3244C9F770017E644 /* RidesViewModel.swift */; };
		193BF2C7244CA45B0017E644 /* AddRideView.swift in Sources */ = {isa = PBXBuildFile; fileRef = 193BF2C6244CA45B0017E644 /* AddRideView.swift */; };
		193BF2C9244CA4650017E644 /* AddRideViewModel.swift in Sources */ = {isa = PBXBuildFile; fileRef = 193BF2C8244CA4650017E644 /* AddRideViewModel.swift */; };
		193BF2CB244CA4A50017E644 /* AddRideAssembly.swift in Sources */ = {isa = PBXBuildFile; fileRef = 193BF2CA244CA4A50017E644 /* AddRideAssembly.swift */; };
		193DEE9F24446E2500815150 /* UserResponse.swift in Sources */ = {isa = PBXBuildFile; fileRef = 193DEE9E24446E2500815150 /* UserResponse.swift */; };
		193DEEA124446E5300815150 /* LoginRequest.swift in Sources */ = {isa = PBXBuildFile; fileRef = 193DEEA024446E5300815150 /* LoginRequest.swift */; };
		193DEEA824446F8100815150 /* ApiHostUrl.swift in Sources */ = {isa = PBXBuildFile; fileRef = 193DEEA724446F8100815150 /* ApiHostUrl.swift */; };
		193DEEAB24446FAB00815150 /* HttpMethod.swift in Sources */ = {isa = PBXBuildFile; fileRef = 193DEEAA24446FAB00815150 /* HttpMethod.swift */; };
		193DEEAD24446FFB00815150 /* RequestableProtocol.swift in Sources */ = {isa = PBXBuildFile; fileRef = 193DEEAC24446FFB00815150 /* RequestableProtocol.swift */; };
		193DEEAF244472B900815150 /* RiderBookServiceErrorResponse.swift in Sources */ = {isa = PBXBuildFile; fileRef = 193DEEAE244472B900815150 /* RiderBookServiceErrorResponse.swift */; };
		1943375F2427B6DB00050CB0 /* AppDelegate.swift in Sources */ = {isa = PBXBuildFile; fileRef = 1943375E2427B6DB00050CB0 /* AppDelegate.swift */; };
		194337612427B6DB00050CB0 /* SceneDelegate.swift in Sources */ = {isa = PBXBuildFile; fileRef = 194337602427B6DB00050CB0 /* SceneDelegate.swift */; };
		1943376B2427B6DB00050CB0 /* RiderBook.xcdatamodeld in Sources */ = {isa = PBXBuildFile; fileRef = 194337692427B6DB00050CB0 /* RiderBook.xcdatamodeld */; };
		1943376D2427B6DD00050CB0 /* Assets.xcassets in Resources */ = {isa = PBXBuildFile; fileRef = 1943376C2427B6DD00050CB0 /* Assets.xcassets */; };
		194337702427B6DD00050CB0 /* LaunchScreen.storyboard in Resources */ = {isa = PBXBuildFile; fileRef = 1943376E2427B6DD00050CB0 /* LaunchScreen.storyboard */; };
		194641EF24499B56000B9B6C /* CustomTextField.swift in Sources */ = {isa = PBXBuildFile; fileRef = 194641EE24499B56000B9B6C /* CustomTextField.swift */; };
		1954D004244323B200401EB2 /* RiderBookApiService.swift in Sources */ = {isa = PBXBuildFile; fileRef = 1954D003244323B200401EB2 /* RiderBookApiService.swift */; };
		1954D00624432B6600401EB2 /* ApiTargetProtocol.swift in Sources */ = {isa = PBXBuildFile; fileRef = 1954D00524432B6600401EB2 /* ApiTargetProtocol.swift */; };
		1954D00824432B9600401EB2 /* RiderBookError.swift in Sources */ = {isa = PBXBuildFile; fileRef = 1954D00724432B9600401EB2 /* RiderBookError.swift */; };
		1954D00C24432E1E00401EB2 /* UserRepository.swift in Sources */ = {isa = PBXBuildFile; fileRef = 1954D00B24432E1E00401EB2 /* UserRepository.swift */; };
		1954D01024432E9500401EB2 /* UserTarget.swift in Sources */ = {isa = PBXBuildFile; fileRef = 1954D00F24432E9500401EB2 /* UserTarget.swift */; };
		1955D7A2243DB5DC00F359CA /* LoginService.swift in Sources */ = {isa = PBXBuildFile; fileRef = 1955D7A1243DB5DC00F359CA /* LoginService.swift */; };
		195C935E243BD30F002CFEAD /* LoginView.swift in Sources */ = {isa = PBXBuildFile; fileRef = 195C935D243BD30F002CFEAD /* LoginView.swift */; };
		195C9360243BD4EE002CFEAD /* LoginViewModel.swift in Sources */ = {isa = PBXBuildFile; fileRef = 195C935F243BD4EE002CFEAD /* LoginViewModel.swift */; };
		195C9363243BE00C002CFEAD /* CustomButton.swift in Sources */ = {isa = PBXBuildFile; fileRef = 195C9362243BE00C002CFEAD /* CustomButton.swift */; };
		1969F9AB242BD58400300C1B /* Localizable.strings in Resources */ = {isa = PBXBuildFile; fileRef = 1969F9AD242BD58400300C1B /* Localizable.strings */; };
		196B8AE0244CC5230013D16C /* CircuitService.swift in Sources */ = {isa = PBXBuildFile; fileRef = 196B8ADF244CC5230013D16C /* CircuitService.swift */; };
		196B8AE3244CC5630013D16C /* CircuitRepository.swift in Sources */ = {isa = PBXBuildFile; fileRef = 196B8AE2244CC5630013D16C /* CircuitRepository.swift */; };
		196B8AE6244CC59A0013D16C /* Circuit.swift in Sources */ = {isa = PBXBuildFile; fileRef = 196B8AE5244CC59A0013D16C /* Circuit.swift */; };
		196B8AE9244CC68B0013D16C /* CircuitResponse.swift in Sources */ = {isa = PBXBuildFile; fileRef = 196B8AE8244CC68B0013D16C /* CircuitResponse.swift */; };
		196B8AEB244CC6FA0013D16C /* CircuitFactory.swift in Sources */ = {isa = PBXBuildFile; fileRef = 196B8AEA244CC6FA0013D16C /* CircuitFactory.swift */; };
		1984639C24465C7800C4E25B /* RiderBookApiServiceTest.swift in Sources */ = {isa = PBXBuildFile; fileRef = 1984639B24465C7800C4E25B /* RiderBookApiServiceTest.swift */; };
		1984639F24465D5900C4E25B /* MockTarget.swift in Sources */ = {isa = PBXBuildFile; fileRef = 1984639E24465D5800C4E25B /* MockTarget.swift */; };
		199A075A24294F1D002E3A15 /* UIApplication+extension.swift in Sources */ = {isa = PBXBuildFile; fileRef = 199A075924294F1D002E3A15 /* UIApplication+extension.swift */; };
		199EAFB62451FF8D005AD180 /* LoginServiceTest.swift in Sources */ = {isa = PBXBuildFile; fileRef = 199EAFB52451FF8D005AD180 /* LoginServiceTest.swift */; };
		19A5DE7124433F17008D4886 /* Dictionary+Json.swift in Sources */ = {isa = PBXBuildFile; fileRef = 19A5DE7024433F17008D4886 /* Dictionary+Json.swift */; };
		19A5DE7324433FDF008D4886 /* CreateUserRequest.swift in Sources */ = {isa = PBXBuildFile; fileRef = 19A5DE7224433FDF008D4886 /* CreateUserRequest.swift */; };
		19A862D724546167003BA6D1 /* RideFactory.swift in Sources */ = {isa = PBXBuildFile; fileRef = 19A862D624546167003BA6D1 /* RideFactory.swift */; };
		19ABECD32450AA37005BCDEC /* UserRepositoryTests.swift in Sources */ = {isa = PBXBuildFile; fileRef = 19ABECD22450AA37005BCDEC /* UserRepositoryTests.swift */; };
		19ABECD52450AD4D005BCDEC /* MockApiService.swift in Sources */ = {isa = PBXBuildFile; fileRef = 19ABECD42450AD4D005BCDEC /* MockApiService.swift */; };
		19B1A0E5244219B6000D4FA6 /* LoginAssembly.swift in Sources */ = {isa = PBXBuildFile; fileRef = 19B1A0E4244219B6000D4FA6 /* LoginAssembly.swift */; };
		19B1A0E924421A62000D4FA6 /* AppCoordinator.swift in Sources */ = {isa = PBXBuildFile; fileRef = 19B1A0E824421A62000D4FA6 /* AppCoordinator.swift */; };
		19CA2F67244AE6C400DBDAA4 /* SplashView.swift in Sources */ = {isa = PBXBuildFile; fileRef = 19CA2F66244AE6C400DBDAA4 /* SplashView.swift */; };
		19CA2F69244AE75800DBDAA4 /* SplashViewModel.swift in Sources */ = {isa = PBXBuildFile; fileRef = 19CA2F68244AE75800DBDAA4 /* SplashViewModel.swift */; };
		19CA2F6B244AE95F00DBDAA4 /* SplashAssembly.swift in Sources */ = {isa = PBXBuildFile; fileRef = 19CA2F6A244AE95F00DBDAA4 /* SplashAssembly.swift */; };
		19CA2F6E244AF0F000DBDAA4 /* RegisterView.swift in Sources */ = {isa = PBXBuildFile; fileRef = 19CA2F6D244AF0F000DBDAA4 /* RegisterView.swift */; };
		19CA2F70244AF0FA00DBDAA4 /* RegisterViewModel.swift in Sources */ = {isa = PBXBuildFile; fileRef = 19CA2F6F244AF0FA00DBDAA4 /* RegisterViewModel.swift */; };
		19CA2F72244AF37C00DBDAA4 /* RegisterAssembly.swift in Sources */ = {isa = PBXBuildFile; fileRef = 19CA2F71244AF37C00DBDAA4 /* RegisterAssembly.swift */; };
		19CA2F83244B41F300DBDAA4 /* LocalRepositoryTest.swift in Sources */ = {isa = PBXBuildFile; fileRef = 19CA2F82244B41F300DBDAA4 /* LocalRepositoryTest.swift */; };
		19FDE82A2448BD950037F246 /* CircuitTarget.swift in Sources */ = {isa = PBXBuildFile; fileRef = 19FDE8292448BD950037F246 /* CircuitTarget.swift */; };
		19FDE82C2448BD9F0037F246 /* RideTarget.swift in Sources */ = {isa = PBXBuildFile; fileRef = 19FDE82B2448BD9F0037F246 /* RideTarget.swift */; };
		19FDE8302448C7780037F246 /* LoadingView.swift in Sources */ = {isa = PBXBuildFile; fileRef = 19FDE82F2448C7780037F246 /* LoadingView.swift */; };
		19FDE8332448D0040037F246 /* UserFactory.swift in Sources */ = {isa = PBXBuildFile; fileRef = 19FDE8322448D0040037F246 /* UserFactory.swift */; };
		19FDE8362448D55D0037F246 /* LocalRepository.swift in Sources */ = {isa = PBXBuildFile; fileRef = 19FDE8352448D55D0037F246 /* LocalRepository.swift */; };
		3D4375E4847972E64AB5A282 /* Pods_RiderBook_RiderBookUITests.framework in Frameworks */ = {isa = PBXBuildFile; fileRef = 7C357C6A656C4CF69C35876C /* Pods_RiderBook_RiderBookUITests.framework */; };
		624845AEC4F9B6D565D5BDC3 /* Pods_RiderBookTests.framework in Frameworks */ = {isa = PBXBuildFile; fileRef = BC7E1DA9D7FE3C074E192F83 /* Pods_RiderBookTests.framework */; };
		B0411AA3AD476E8A27B5A428 /* Pods_RiderBook.framework in Frameworks */ = {isa = PBXBuildFile; fileRef = 72E1BAB2AB70C897429CB477 /* Pods_RiderBook.framework */; };
/* End PBXBuildFile section */

/* Begin PBXContainerItemProxy section */
		194337772427B6DD00050CB0 /* PBXContainerItemProxy */ = {
			isa = PBXContainerItemProxy;
			containerPortal = 194337532427B6DB00050CB0 /* Project object */;
			proxyType = 1;
			remoteGlobalIDString = 1943375A2427B6DB00050CB0;
			remoteInfo = RiderBook;
		};
		194337822427B6DD00050CB0 /* PBXContainerItemProxy */ = {
			isa = PBXContainerItemProxy;
			containerPortal = 194337532427B6DB00050CB0 /* Project object */;
			proxyType = 1;
			remoteGlobalIDString = 1943375A2427B6DB00050CB0;
			remoteInfo = RiderBook;
		};
/* End PBXContainerItemProxy section */

/* Begin PBXFileReference section */
		14AC98EB8D07CBFA6C9716DB /* Pods-RiderBook-RiderBookUITests.debug.xcconfig */ = {isa = PBXFileReference; includeInIndex = 1; lastKnownFileType = text.xcconfig; name = "Pods-RiderBook-RiderBookUITests.debug.xcconfig"; path = "Target Support Files/Pods-RiderBook-RiderBookUITests/Pods-RiderBook-RiderBookUITests.debug.xcconfig"; sourceTree = "<group>"; };
		190DC0C0244224F700BDFD9A /* HomeAssembly.swift */ = {isa = PBXFileReference; lastKnownFileType = sourcecode.swift; path = HomeAssembly.swift; sourceTree = "<group>"; };
		190DC0C22442250000BDFD9A /* ProfileAssembly.swift */ = {isa = PBXFileReference; lastKnownFileType = sourcecode.swift; path = ProfileAssembly.swift; sourceTree = "<group>"; };
		190DC0C42442250F00BDFD9A /* RidesAssembly.swift */ = {isa = PBXFileReference; lastKnownFileType = sourcecode.swift; path = RidesAssembly.swift; sourceTree = "<group>"; };
		1911D4402455833D00495AD8 /* RideListItem.swift */ = {isa = PBXFileReference; lastKnownFileType = sourcecode.swift; path = RideListItem.swift; sourceTree = "<group>"; };
		1911D44424558A3F00495AD8 /* CircuitRepositoryTest.swift */ = {isa = PBXFileReference; lastKnownFileType = sourcecode.swift; path = CircuitRepositoryTest.swift; sourceTree = "<group>"; };
		1911D44624558A4900495AD8 /* RideRepositoryTest.swift */ = {isa = PBXFileReference; lastKnownFileType = sourcecode.swift; path = RideRepositoryTest.swift; sourceTree = "<group>"; };
		1912B880245349970026CD83 /* MockLocalRepository.swift */ = {isa = PBXFileReference; lastKnownFileType = sourcecode.swift; path = MockLocalRepository.swift; sourceTree = "<group>"; };
		1912B88224534FEE0026CD83 /* UserRepositoryMocks.swift */ = {isa = PBXFileReference; lastKnownFileType = sourcecode.swift; path = UserRepositoryMocks.swift; sourceTree = "<group>"; };
		1933B3992441ACAE00D0BF44 /* User.swift */ = {isa = PBXFileReference; lastKnownFileType = sourcecode.swift; path = User.swift; sourceTree = "<group>"; };
		1933B39C2441AFC500D0BF44 /* TabBarView.swift */ = {isa = PBXFileReference; lastKnownFileType = sourcecode.swift; path = TabBarView.swift; sourceTree = "<group>"; };
		1933B3A12441B01100D0BF44 /* ProfileView.swift */ = {isa = PBXFileReference; lastKnownFileType = sourcecode.swift; path = ProfileView.swift; sourceTree = "<group>"; };
		1933B3A32441B01E00D0BF44 /* RidesView.swift */ = {isa = PBXFileReference; lastKnownFileType = sourcecode.swift; path = RidesView.swift; sourceTree = "<group>"; };
		1933B3A52441B02600D0BF44 /* HomeView.swift */ = {isa = PBXFileReference; lastKnownFileType = sourcecode.swift; path = HomeView.swift; sourceTree = "<group>"; };
		1933B3A82441BC6900D0BF44 /* String+Extension.swift */ = {isa = PBXFileReference; lastKnownFileType = sourcecode.swift; path = "String+Extension.swift"; sourceTree = "<group>"; };
		193BF2B2244C956B0017E644 /* RideService.swift */ = {isa = PBXFileReference; lastKnownFileType = sourcecode.swift; path = RideService.swift; sourceTree = "<group>"; };
		193BF2B5244C95A20017E644 /* RideRepository.swift */ = {isa = PBXFileReference; lastKnownFileType = sourcecode.swift; path = RideRepository.swift; sourceTree = "<group>"; };
		193BF2B8244C96C60017E644 /* RideListResponse.swift */ = {isa = PBXFileReference; lastKnownFileType = sourcecode.swift; path = RideListResponse.swift; sourceTree = "<group>"; };
		193BF2BB244C99000017E644 /* RideListRequest.swift */ = {isa = PBXFileReference; lastKnownFileType = sourcecode.swift; path = RideListRequest.swift; sourceTree = "<group>"; };
		193BF2BD244C99E70017E644 /* AddRideRequest.swift */ = {isa = PBXFileReference; lastKnownFileType = sourcecode.swift; path = AddRideRequest.swift; sourceTree = "<group>"; };
		193BF2BF244C9C510017E644 /* AddRideResponse.swift */ = {isa = PBXFileReference; lastKnownFileType = sourcecode.swift; path = AddRideResponse.swift; sourceTree = "<group>"; };
		193BF2C1244C9DBB0017E644 /* Ride.swift */ = {isa = PBXFileReference; lastKnownFileType = sourcecode.swift; path = Ride.swift; sourceTree = "<group>"; };
		193BF2C3244C9F770017E644 /* RidesViewModel.swift */ = {isa = PBXFileReference; lastKnownFileType = sourcecode.swift; path = RidesViewModel.swift; sourceTree = "<group>"; };
		193BF2C6244CA45B0017E644 /* AddRideView.swift */ = {isa = PBXFileReference; lastKnownFileType = sourcecode.swift; path = AddRideView.swift; sourceTree = "<group>"; };
		193BF2C8244CA4650017E644 /* AddRideViewModel.swift */ = {isa = PBXFileReference; lastKnownFileType = sourcecode.swift; path = AddRideViewModel.swift; sourceTree = "<group>"; };
		193BF2CA244CA4A50017E644 /* AddRideAssembly.swift */ = {isa = PBXFileReference; lastKnownFileType = sourcecode.swift; path = AddRideAssembly.swift; sourceTree = "<group>"; };
		193DEE9E24446E2500815150 /* UserResponse.swift */ = {isa = PBXFileReference; lastKnownFileType = sourcecode.swift; path = UserResponse.swift; sourceTree = "<group>"; };
		193DEEA024446E5300815150 /* LoginRequest.swift */ = {isa = PBXFileReference; lastKnownFileType = sourcecode.swift; path = LoginRequest.swift; sourceTree = "<group>"; };
		193DEEA724446F8100815150 /* ApiHostUrl.swift */ = {isa = PBXFileReference; lastKnownFileType = sourcecode.swift; path = ApiHostUrl.swift; sourceTree = "<group>"; };
		193DEEAA24446FAB00815150 /* HttpMethod.swift */ = {isa = PBXFileReference; lastKnownFileType = sourcecode.swift; path = HttpMethod.swift; sourceTree = "<group>"; };
		193DEEAC24446FFB00815150 /* RequestableProtocol.swift */ = {isa = PBXFileReference; lastKnownFileType = sourcecode.swift; path = RequestableProtocol.swift; sourceTree = "<group>"; };
		193DEEAE244472B900815150 /* RiderBookServiceErrorResponse.swift */ = {isa = PBXFileReference; lastKnownFileType = sourcecode.swift; path = RiderBookServiceErrorResponse.swift; sourceTree = "<group>"; };
		1943375B2427B6DB00050CB0 /* RiderBook.app */ = {isa = PBXFileReference; explicitFileType = wrapper.application; includeInIndex = 0; path = RiderBook.app; sourceTree = BUILT_PRODUCTS_DIR; };
		1943375E2427B6DB00050CB0 /* AppDelegate.swift */ = {isa = PBXFileReference; lastKnownFileType = sourcecode.swift; path = AppDelegate.swift; sourceTree = "<group>"; };
		194337602427B6DB00050CB0 /* SceneDelegate.swift */ = {isa = PBXFileReference; lastKnownFileType = sourcecode.swift; path = SceneDelegate.swift; sourceTree = "<group>"; };
		1943376A2427B6DB00050CB0 /* RiderBook.xcdatamodel */ = {isa = PBXFileReference; lastKnownFileType = wrapper.xcdatamodel; path = RiderBook.xcdatamodel; sourceTree = "<group>"; };
		1943376C2427B6DD00050CB0 /* Assets.xcassets */ = {isa = PBXFileReference; lastKnownFileType = folder.assetcatalog; path = Assets.xcassets; sourceTree = "<group>"; };
		1943376F2427B6DD00050CB0 /* Base */ = {isa = PBXFileReference; lastKnownFileType = file.storyboard; name = Base; path = Base.lproj/LaunchScreen.storyboard; sourceTree = "<group>"; };
		194337712427B6DD00050CB0 /* Info.plist */ = {isa = PBXFileReference; lastKnownFileType = text.plist.xml; path = Info.plist; sourceTree = "<group>"; };
		194337762427B6DD00050CB0 /* RiderBookTests.xctest */ = {isa = PBXFileReference; explicitFileType = wrapper.cfbundle; includeInIndex = 0; path = RiderBookTests.xctest; sourceTree = BUILT_PRODUCTS_DIR; };
		1943377C2427B6DD00050CB0 /* Info.plist */ = {isa = PBXFileReference; lastKnownFileType = text.plist.xml; path = Info.plist; sourceTree = "<group>"; };
		194337812427B6DD00050CB0 /* RiderBookUITests.xctest */ = {isa = PBXFileReference; explicitFileType = wrapper.cfbundle; includeInIndex = 0; path = RiderBookUITests.xctest; sourceTree = BUILT_PRODUCTS_DIR; };
		194337872427B6DD00050CB0 /* Info.plist */ = {isa = PBXFileReference; lastKnownFileType = text.plist.xml; path = Info.plist; sourceTree = "<group>"; };
		194641EE24499B56000B9B6C /* CustomTextField.swift */ = {isa = PBXFileReference; lastKnownFileType = sourcecode.swift; path = CustomTextField.swift; sourceTree = "<group>"; };
		1954D003244323B200401EB2 /* RiderBookApiService.swift */ = {isa = PBXFileReference; lastKnownFileType = sourcecode.swift; path = RiderBookApiService.swift; sourceTree = "<group>"; };
		1954D00524432B6600401EB2 /* ApiTargetProtocol.swift */ = {isa = PBXFileReference; lastKnownFileType = sourcecode.swift; path = ApiTargetProtocol.swift; sourceTree = "<group>"; };
		1954D00724432B9600401EB2 /* RiderBookError.swift */ = {isa = PBXFileReference; lastKnownFileType = sourcecode.swift; path = RiderBookError.swift; sourceTree = "<group>"; };
		1954D00B24432E1E00401EB2 /* UserRepository.swift */ = {isa = PBXFileReference; lastKnownFileType = sourcecode.swift; path = UserRepository.swift; sourceTree = "<group>"; };
		1954D00F24432E9500401EB2 /* UserTarget.swift */ = {isa = PBXFileReference; lastKnownFileType = sourcecode.swift; path = UserTarget.swift; sourceTree = "<group>"; };
		1955D7A1243DB5DC00F359CA /* LoginService.swift */ = {isa = PBXFileReference; lastKnownFileType = sourcecode.swift; path = LoginService.swift; sourceTree = "<group>"; };
		195C935D243BD30F002CFEAD /* LoginView.swift */ = {isa = PBXFileReference; lastKnownFileType = sourcecode.swift; path = LoginView.swift; sourceTree = "<group>"; };
		195C935F243BD4EE002CFEAD /* LoginViewModel.swift */ = {isa = PBXFileReference; lastKnownFileType = sourcecode.swift; path = LoginViewModel.swift; sourceTree = "<group>"; };
		195C9362243BE00C002CFEAD /* CustomButton.swift */ = {isa = PBXFileReference; lastKnownFileType = sourcecode.swift; path = CustomButton.swift; sourceTree = "<group>"; };
		1969F9AC242BD58400300C1B /* en */ = {isa = PBXFileReference; lastKnownFileType = text.plist.strings; name = en; path = en.lproj/Localizable.strings; sourceTree = "<group>"; };
		1969F9AE242BD5B200300C1B /* es */ = {isa = PBXFileReference; lastKnownFileType = text.plist.strings; name = es; path = es.lproj/LaunchScreen.strings; sourceTree = "<group>"; };
		1969F9AF242BD5B200300C1B /* es */ = {isa = PBXFileReference; lastKnownFileType = text.plist.strings; name = es; path = es.lproj/Localizable.strings; sourceTree = "<group>"; };
		1969F9B0242BD5BA00300C1B /* ca */ = {isa = PBXFileReference; lastKnownFileType = text.plist.strings; name = ca; path = ca.lproj/LaunchScreen.strings; sourceTree = "<group>"; };
		1969F9B1242BD5BA00300C1B /* ca */ = {isa = PBXFileReference; lastKnownFileType = text.plist.strings; name = ca; path = ca.lproj/Localizable.strings; sourceTree = "<group>"; };
		196B8ADF244CC5230013D16C /* CircuitService.swift */ = {isa = PBXFileReference; lastKnownFileType = sourcecode.swift; path = CircuitService.swift; sourceTree = "<group>"; };
		196B8AE2244CC5630013D16C /* CircuitRepository.swift */ = {isa = PBXFileReference; lastKnownFileType = sourcecode.swift; path = CircuitRepository.swift; sourceTree = "<group>"; };
		196B8AE5244CC59A0013D16C /* Circuit.swift */ = {isa = PBXFileReference; lastKnownFileType = sourcecode.swift; path = Circuit.swift; sourceTree = "<group>"; };
		196B8AE8244CC68B0013D16C /* CircuitResponse.swift */ = {isa = PBXFileReference; lastKnownFileType = sourcecode.swift; path = CircuitResponse.swift; sourceTree = "<group>"; };
		196B8AEA244CC6FA0013D16C /* CircuitFactory.swift */ = {isa = PBXFileReference; lastKnownFileType = sourcecode.swift; path = CircuitFactory.swift; sourceTree = "<group>"; };
		1984639B24465C7800C4E25B /* RiderBookApiServiceTest.swift */ = {isa = PBXFileReference; lastKnownFileType = sourcecode.swift; path = RiderBookApiServiceTest.swift; sourceTree = "<group>"; };
		1984639E24465D5800C4E25B /* MockTarget.swift */ = {isa = PBXFileReference; lastKnownFileType = sourcecode.swift; path = MockTarget.swift; sourceTree = "<group>"; };
		199A075924294F1D002E3A15 /* UIApplication+extension.swift */ = {isa = PBXFileReference; lastKnownFileType = sourcecode.swift; path = "UIApplication+extension.swift"; sourceTree = "<group>"; };
		199EAFB52451FF8D005AD180 /* LoginServiceTest.swift */ = {isa = PBXFileReference; lastKnownFileType = sourcecode.swift; path = LoginServiceTest.swift; sourceTree = "<group>"; };
		19A5DE7024433F17008D4886 /* Dictionary+Json.swift */ = {isa = PBXFileReference; lastKnownFileType = sourcecode.swift; path = "Dictionary+Json.swift"; sourceTree = "<group>"; };
		19A5DE7224433FDF008D4886 /* CreateUserRequest.swift */ = {isa = PBXFileReference; lastKnownFileType = sourcecode.swift; path = CreateUserRequest.swift; sourceTree = "<group>"; };
		19A862D624546167003BA6D1 /* RideFactory.swift */ = {isa = PBXFileReference; lastKnownFileType = sourcecode.swift; path = RideFactory.swift; sourceTree = "<group>"; };
		19ABECD22450AA37005BCDEC /* UserRepositoryTests.swift */ = {isa = PBXFileReference; lastKnownFileType = sourcecode.swift; path = UserRepositoryTests.swift; sourceTree = "<group>"; };
		19ABECD42450AD4D005BCDEC /* MockApiService.swift */ = {isa = PBXFileReference; lastKnownFileType = sourcecode.swift; path = MockApiService.swift; sourceTree = "<group>"; };
		19B1A0E4244219B6000D4FA6 /* LoginAssembly.swift */ = {isa = PBXFileReference; lastKnownFileType = sourcecode.swift; path = LoginAssembly.swift; sourceTree = "<group>"; };
		19B1A0E824421A62000D4FA6 /* AppCoordinator.swift */ = {isa = PBXFileReference; lastKnownFileType = sourcecode.swift; path = AppCoordinator.swift; sourceTree = "<group>"; };
		19CA2F66244AE6C400DBDAA4 /* SplashView.swift */ = {isa = PBXFileReference; lastKnownFileType = sourcecode.swift; path = SplashView.swift; sourceTree = "<group>"; };
		19CA2F68244AE75800DBDAA4 /* SplashViewModel.swift */ = {isa = PBXFileReference; lastKnownFileType = sourcecode.swift; path = SplashViewModel.swift; sourceTree = "<group>"; };
		19CA2F6A244AE95F00DBDAA4 /* SplashAssembly.swift */ = {isa = PBXFileReference; lastKnownFileType = sourcecode.swift; path = SplashAssembly.swift; sourceTree = "<group>"; };
		19CA2F6D244AF0F000DBDAA4 /* RegisterView.swift */ = {isa = PBXFileReference; lastKnownFileType = sourcecode.swift; path = RegisterView.swift; sourceTree = "<group>"; };
		19CA2F6F244AF0FA00DBDAA4 /* RegisterViewModel.swift */ = {isa = PBXFileReference; lastKnownFileType = sourcecode.swift; path = RegisterViewModel.swift; sourceTree = "<group>"; };
		19CA2F71244AF37C00DBDAA4 /* RegisterAssembly.swift */ = {isa = PBXFileReference; lastKnownFileType = sourcecode.swift; path = RegisterAssembly.swift; sourceTree = "<group>"; };
		19CA2F82244B41F300DBDAA4 /* LocalRepositoryTest.swift */ = {isa = PBXFileReference; lastKnownFileType = sourcecode.swift; path = LocalRepositoryTest.swift; sourceTree = "<group>"; };
		19FDE8292448BD950037F246 /* CircuitTarget.swift */ = {isa = PBXFileReference; lastKnownFileType = sourcecode.swift; path = CircuitTarget.swift; sourceTree = "<group>"; };
		19FDE82B2448BD9F0037F246 /* RideTarget.swift */ = {isa = PBXFileReference; lastKnownFileType = sourcecode.swift; path = RideTarget.swift; sourceTree = "<group>"; };
		19FDE82F2448C7780037F246 /* LoadingView.swift */ = {isa = PBXFileReference; lastKnownFileType = sourcecode.swift; path = LoadingView.swift; sourceTree = "<group>"; };
		19FDE8322448D0040037F246 /* UserFactory.swift */ = {isa = PBXFileReference; lastKnownFileType = sourcecode.swift; path = UserFactory.swift; sourceTree = "<group>"; };
		19FDE8352448D55D0037F246 /* LocalRepository.swift */ = {isa = PBXFileReference; lastKnownFileType = sourcecode.swift; path = LocalRepository.swift; sourceTree = "<group>"; };
		4CFAF104EF8D57CECD7FBD20 /* Pods-RiderBook.debug.xcconfig */ = {isa = PBXFileReference; includeInIndex = 1; lastKnownFileType = text.xcconfig; name = "Pods-RiderBook.debug.xcconfig"; path = "Target Support Files/Pods-RiderBook/Pods-RiderBook.debug.xcconfig"; sourceTree = "<group>"; };
		50803D61C79B43C89D0B94AC /* Pods-RiderBookTests.debug.xcconfig */ = {isa = PBXFileReference; includeInIndex = 1; lastKnownFileType = text.xcconfig; name = "Pods-RiderBookTests.debug.xcconfig"; path = "Target Support Files/Pods-RiderBookTests/Pods-RiderBookTests.debug.xcconfig"; sourceTree = "<group>"; };
		580BF0E91CF67A73FE34D248 /* Pods-RiderBook.release.xcconfig */ = {isa = PBXFileReference; includeInIndex = 1; lastKnownFileType = text.xcconfig; name = "Pods-RiderBook.release.xcconfig"; path = "Target Support Files/Pods-RiderBook/Pods-RiderBook.release.xcconfig"; sourceTree = "<group>"; };
		72E1BAB2AB70C897429CB477 /* Pods_RiderBook.framework */ = {isa = PBXFileReference; explicitFileType = wrapper.framework; includeInIndex = 0; path = Pods_RiderBook.framework; sourceTree = BUILT_PRODUCTS_DIR; };
		7C357C6A656C4CF69C35876C /* Pods_RiderBook_RiderBookUITests.framework */ = {isa = PBXFileReference; explicitFileType = wrapper.framework; includeInIndex = 0; path = Pods_RiderBook_RiderBookUITests.framework; sourceTree = BUILT_PRODUCTS_DIR; };
		8F3A2F9D576F84A4597A0B13 /* Pods-RiderBook-RiderBookUITests.release.xcconfig */ = {isa = PBXFileReference; includeInIndex = 1; lastKnownFileType = text.xcconfig; name = "Pods-RiderBook-RiderBookUITests.release.xcconfig"; path = "Target Support Files/Pods-RiderBook-RiderBookUITests/Pods-RiderBook-RiderBookUITests.release.xcconfig"; sourceTree = "<group>"; };
		A08A3933B3975FFF8F29AE0B /* Pods-RiderBookTests.release.xcconfig */ = {isa = PBXFileReference; includeInIndex = 1; lastKnownFileType = text.xcconfig; name = "Pods-RiderBookTests.release.xcconfig"; path = "Target Support Files/Pods-RiderBookTests/Pods-RiderBookTests.release.xcconfig"; sourceTree = "<group>"; };
		BC7E1DA9D7FE3C074E192F83 /* Pods_RiderBookTests.framework */ = {isa = PBXFileReference; explicitFileType = wrapper.framework; includeInIndex = 0; path = Pods_RiderBookTests.framework; sourceTree = BUILT_PRODUCTS_DIR; };
/* End PBXFileReference section */

/* Begin PBXFrameworksBuildPhase section */
		194337582427B6DB00050CB0 /* Frameworks */ = {
			isa = PBXFrameworksBuildPhase;
			buildActionMask = 2147483647;
			files = (
				B0411AA3AD476E8A27B5A428 /* Pods_RiderBook.framework in Frameworks */,
			);
			runOnlyForDeploymentPostprocessing = 0;
		};
		194337732427B6DD00050CB0 /* Frameworks */ = {
			isa = PBXFrameworksBuildPhase;
			buildActionMask = 2147483647;
			files = (
				624845AEC4F9B6D565D5BDC3 /* Pods_RiderBookTests.framework in Frameworks */,
			);
			runOnlyForDeploymentPostprocessing = 0;
		};
		1943377E2427B6DD00050CB0 /* Frameworks */ = {
			isa = PBXFrameworksBuildPhase;
			buildActionMask = 2147483647;
			files = (
				3D4375E4847972E64AB5A282 /* Pods_RiderBook_RiderBookUITests.framework in Frameworks */,
			);
			runOnlyForDeploymentPostprocessing = 0;
		};
/* End PBXFrameworksBuildPhase section */

/* Begin PBXGroup section */
		1911D44224558A1D00495AD8 /* CircuitRepository */ = {
			isa = PBXGroup;
			children = (
				1911D44424558A3F00495AD8 /* CircuitRepositoryTest.swift */,
			);
			path = CircuitRepository;
			sourceTree = "<group>";
		};
		1911D44324558A2600495AD8 /* RideRepository */ = {
			isa = PBXGroup;
			children = (
				1911D44624558A4900495AD8 /* RideRepositoryTest.swift */,
			);
			path = RideRepository;
			sourceTree = "<group>";
		};
		1912B87F245349870026CD83 /* CommonMocks */ = {
			isa = PBXGroup;
			children = (
				19ABECD42450AD4D005BCDEC /* MockApiService.swift */,
				1912B880245349970026CD83 /* MockLocalRepository.swift */,
				1912B88224534FEE0026CD83 /* UserRepositoryMocks.swift */,
			);
			path = CommonMocks;
			sourceTree = "<group>";
		};
		1933B3972441AC5E00D0BF44 /* Model */ = {
			isa = PBXGroup;
			children = (
				1933B3992441ACAE00D0BF44 /* User.swift */,
				193BF2C1244C9DBB0017E644 /* Ride.swift */,
				196B8AE5244CC59A0013D16C /* Circuit.swift */,
			);
			path = Model;
			sourceTree = "<group>";
		};
		1933B39E2441AFF700D0BF44 /* Home */ = {
			isa = PBXGroup;
			children = (
				1933B3A52441B02600D0BF44 /* HomeView.swift */,
			);
			path = Home;
			sourceTree = "<group>";
		};
		1933B39F2441AFFD00D0BF44 /* Rides */ = {
			isa = PBXGroup;
			children = (
				1933B3A32441B01E00D0BF44 /* RidesView.swift */,
				193BF2C3244C9F770017E644 /* RidesViewModel.swift */,
			);
			path = Rides;
			sourceTree = "<group>";
		};
		1933B3A02441B00300D0BF44 /* Profile */ = {
			isa = PBXGroup;
			children = (
				1933B3A12441B01100D0BF44 /* ProfileView.swift */,
			);
			name = Profile;
			path = "Profileç";
			sourceTree = "<group>";
		};
		1933B3A72441BC5900D0BF44 /* String */ = {
			isa = PBXGroup;
			children = (
				1933B3A82441BC6900D0BF44 /* String+Extension.swift */,
			);
			path = String;
			sourceTree = "<group>";
		};
		193BF2B1244C955D0017E644 /* Ride */ = {
			isa = PBXGroup;
			children = (
				193BF2B2244C956B0017E644 /* RideService.swift */,
			);
			path = Ride;
			sourceTree = "<group>";
		};
		193BF2B4244C95970017E644 /* Ride */ = {
			isa = PBXGroup;
			children = (
				193BF2B5244C95A20017E644 /* RideRepository.swift */,
			);
			path = Ride;
			sourceTree = "<group>";
		};
		193BF2B7244C96B50017E644 /* Ride */ = {
			isa = PBXGroup;
			children = (
				193BF2B8244C96C60017E644 /* RideListResponse.swift */,
				193BF2BF244C9C510017E644 /* AddRideResponse.swift */,
			);
			path = Ride;
			sourceTree = "<group>";
		};
		193BF2BA244C98E70017E644 /* Ride */ = {
			isa = PBXGroup;
			children = (
				193BF2BB244C99000017E644 /* RideListRequest.swift */,
				193BF2BD244C99E70017E644 /* AddRideRequest.swift */,
			);
			path = Ride;
			sourceTree = "<group>";
		};
		193BF2C5244CA4290017E644 /* AddRideView */ = {
			isa = PBXGroup;
			children = (
				193BF2C6244CA45B0017E644 /* AddRideView.swift */,
				193BF2C8244CA4650017E644 /* AddRideViewModel.swift */,
			);
			path = AddRideView;
			sourceTree = "<group>";
		};
		193DEE9C24446E1000815150 /* Requests */ = {
			isa = PBXGroup;
			children = (
				193DEEA324446F0300815150 /* Protocol */,
				193DEEB02444759F00815150 /* User */,
				193BF2BA244C98E70017E644 /* Ride */,
			);
			path = Requests;
			sourceTree = "<group>";
		};
		193DEE9D24446E1700815150 /* Response */ = {
			isa = PBXGroup;
			children = (
				196B8AE7244CC67D0013D16C /* Circuit */,
				193BF2B7244C96B50017E644 /* Ride */,
				193DEEB2244475B100815150 /* User */,
				193DEEB1244475AC00815150 /* Common */,
			);
			path = Response;
			sourceTree = "<group>";
		};
		193DEEA224446E7B00815150 /* RiderBookApiService */ = {
			isa = PBXGroup;
			children = (
				1954D00724432B9600401EB2 /* RiderBookError.swift */,
				1954D003244323B200401EB2 /* RiderBookApiService.swift */,
			);
			path = RiderBookApiService;
			sourceTree = "<group>";
		};
		193DEEA324446F0300815150 /* Protocol */ = {
			isa = PBXGroup;
			children = (
				193DEEAC24446FFB00815150 /* RequestableProtocol.swift */,
			);
			path = Protocol;
			sourceTree = "<group>";
		};
		193DEEA424446F1C00815150 /* Protocol */ = {
			isa = PBXGroup;
			children = (
				1954D00524432B6600401EB2 /* ApiTargetProtocol.swift */,
			);
			path = Protocol;
			sourceTree = "<group>";
		};
		193DEEA624446F7100815150 /* Common */ = {
			isa = PBXGroup;
			children = (
				193DEEA724446F8100815150 /* ApiHostUrl.swift */,
				193DEEAA24446FAB00815150 /* HttpMethod.swift */,
			);
			path = Common;
			sourceTree = "<group>";
		};
		193DEEB02444759F00815150 /* User */ = {
			isa = PBXGroup;
			children = (
				19A5DE7224433FDF008D4886 /* CreateUserRequest.swift */,
				193DEEA024446E5300815150 /* LoginRequest.swift */,
			);
			path = User;
			sourceTree = "<group>";
		};
		193DEEB1244475AC00815150 /* Common */ = {
			isa = PBXGroup;
			children = (
				193DEEAE244472B900815150 /* RiderBookServiceErrorResponse.swift */,
			);
			path = Common;
			sourceTree = "<group>";
		};
		193DEEB2244475B100815150 /* User */ = {
			isa = PBXGroup;
			children = (
				193DEE9E24446E2500815150 /* UserResponse.swift */,
			);
			path = User;
			sourceTree = "<group>";
		};
		194337522427B6DB00050CB0 = {
			isa = PBXGroup;
			children = (
				1943375D2427B6DB00050CB0 /* RiderBook */,
				194337792427B6DD00050CB0 /* RiderBookTests */,
				194337842427B6DD00050CB0 /* RiderBookUITests */,
				1943375C2427B6DB00050CB0 /* Products */,
				768177653A31C0F480BF87B0 /* Pods */,
				8C093A2B41CBDCC605F43224 /* Frameworks */,
			);
			sourceTree = "<group>";
		};
		1943375C2427B6DB00050CB0 /* Products */ = {
			isa = PBXGroup;
			children = (
				1943375B2427B6DB00050CB0 /* RiderBook.app */,
				194337762427B6DD00050CB0 /* RiderBookTests.xctest */,
				194337812427B6DD00050CB0 /* RiderBookUITests.xctest */,
			);
			name = Products;
			sourceTree = "<group>";
		};
		1943375D2427B6DB00050CB0 /* RiderBook */ = {
			isa = PBXGroup;
			children = (
				197D2038243B12E10081C78E /* Source */,
				199A076824295A14002E3A15 /* AppDependencies */,
				19B692A6242C9BDE00C9C43B /* CoreData */,
			);
			path = RiderBook;
			sourceTree = "<group>";
		};
		194337792427B6DD00050CB0 /* RiderBookTests */ = {
			isa = PBXGroup;
			children = (
				19CA2F81244B41CD00DBDAA4 /* Data */,
				19CA2F80244B41C600DBDAA4 /* Network */,
				1943377C2427B6DD00050CB0 /* Info.plist */,
			);
			path = RiderBookTests;
			sourceTree = "<group>";
		};
		194337842427B6DD00050CB0 /* RiderBookUITests */ = {
			isa = PBXGroup;
			children = (
				194337872427B6DD00050CB0 /* Info.plist */,
			);
			path = RiderBookUITests;
			sourceTree = "<group>";
		};
		1954CFFA24431FBB00401EB2 /* Common */ = {
			isa = PBXGroup;
			children = (
				1955D7A0243DB59D00F359CA /* Extensions */,
			);
			path = Common;
			sourceTree = "<group>";
		};
		1954CFFB2443200B00401EB2 /* AppCoordinator */ = {
			isa = PBXGroup;
			children = (
				19B1A0E824421A62000D4FA6 /* AppCoordinator.swift */,
			);
			path = AppCoordinator;
			sourceTree = "<group>";
		};
		1954CFFC2443202C00401EB2 /* Data */ = {
			isa = PBXGroup;
			children = (
				19FDE8312448CFE20037F246 /* Factories */,
				1954CFFE244320B100401EB2 /* Common */,
				1954CFFF244320B800401EB2 /* Network */,
				1954CFFD2443203200401EB2 /* Repositories */,
				19B1A0DA24420B53000D4FA6 /* Services */,
			);
			path = Data;
			sourceTree = "<group>";
		};
		1954CFFD2443203200401EB2 /* Repositories */ = {
			isa = PBXGroup;
			children = (
				196B8AE1244CC5560013D16C /* CircuitRepository */,
				193BF2B4244C95970017E644 /* Ride */,
				19FDE8342448D5420037F246 /* Local */,
				1954D00A24432E0F00401EB2 /* User */,
			);
			path = Repositories;
			sourceTree = "<group>";
		};
		1954CFFE244320B100401EB2 /* Common */ = {
			isa = PBXGroup;
			children = (
			);
			path = Common;
			sourceTree = "<group>";
		};
		1954CFFF244320B800401EB2 /* Network */ = {
			isa = PBXGroup;
			children = (
				1954D00D24432E3600401EB2 /* Targets */,
				1954D0002443212500401EB2 /* Models */,
				1954D00924432DF100401EB2 /* ApiService */,
			);
			path = Network;
			sourceTree = "<group>";
		};
		1954D0002443212500401EB2 /* Models */ = {
			isa = PBXGroup;
			children = (
				193DEE9D24446E1700815150 /* Response */,
				193DEE9C24446E1000815150 /* Requests */,
			);
			path = Models;
			sourceTree = "<group>";
		};
		1954D0012443220600401EB2 /* Views */ = {
			isa = PBXGroup;
			children = (
				193BF2C5244CA4290017E644 /* AddRideView */,
				19CA2F6C244AEFEE00DBDAA4 /* RegisterView */,
				19CA2F65244AE5EA00DBDAA4 /* SplashView */,
				197D203A243B12EC0081C78E /* Login */,
				1933B39E2441AFF700D0BF44 /* Home */,
				1933B39F2441AFFD00D0BF44 /* Rides */,
				1933B3A02441B00300D0BF44 /* Profile */,
			);
			path = Views;
			sourceTree = "<group>";
		};
		1954D00924432DF100401EB2 /* ApiService */ = {
			isa = PBXGroup;
			children = (
				193DEEA624446F7100815150 /* Common */,
				193DEEA224446E7B00815150 /* RiderBookApiService */,
			);
			path = ApiService;
			sourceTree = "<group>";
		};
		1954D00A24432E0F00401EB2 /* User */ = {
			isa = PBXGroup;
			children = (
				1954D00B24432E1E00401EB2 /* UserRepository.swift */,
			);
			path = User;
			sourceTree = "<group>";
		};
		1954D00D24432E3600401EB2 /* Targets */ = {
			isa = PBXGroup;
			children = (
				193DEEA424446F1C00815150 /* Protocol */,
				19FDE8282448BD7F0037F246 /* Ride */,
				19FDE8272448BD730037F246 /* Circuit */,
				1954D00E24432E8400401EB2 /* User */,
			);
			path = Targets;
			sourceTree = "<group>";
		};
		1954D00E24432E8400401EB2 /* User */ = {
			isa = PBXGroup;
			children = (
				1954D00F24432E9500401EB2 /* UserTarget.swift */,
			);
			path = User;
			sourceTree = "<group>";
		};
		1955D79F243DB58C00F359CA /* UIApplication */ = {
			isa = PBXGroup;
			children = (
				199A075924294F1D002E3A15 /* UIApplication+extension.swift */,
			);
			path = UIApplication;
			sourceTree = "<group>";
		};
		1955D7A0243DB59D00F359CA /* Extensions */ = {
			isa = PBXGroup;
			children = (
				19A5DE6F24433EF9008D4886 /* Dictionary */,
				1933B3A72441BC5900D0BF44 /* String */,
				1955D79F243DB58C00F359CA /* UIApplication */,
			);
			path = Extensions;
			sourceTree = "<group>";
		};
		195C9361243BDFF6002CFEAD /* Components */ = {
			isa = PBXGroup;
			children = (
				1933B39C2441AFC500D0BF44 /* TabBarView.swift */,
				195C9362243BE00C002CFEAD /* CustomButton.swift */,
				19FDE82F2448C7780037F246 /* LoadingView.swift */,
				194641EE24499B56000B9B6C /* CustomTextField.swift */,
				1911D4402455833D00495AD8 /* RideListItem.swift */,
			);
			path = Components;
			sourceTree = "<group>";
		};
		196B8ADE244CC50C0013D16C /* Circuit */ = {
			isa = PBXGroup;
			children = (
				196B8ADF244CC5230013D16C /* CircuitService.swift */,
			);
			path = Circuit;
			sourceTree = "<group>";
		};
		196B8AE1244CC5560013D16C /* CircuitRepository */ = {
			isa = PBXGroup;
			children = (
				196B8AE2244CC5630013D16C /* CircuitRepository.swift */,
			);
			path = CircuitRepository;
			sourceTree = "<group>";
		};
		196B8AE7244CC67D0013D16C /* Circuit */ = {
			isa = PBXGroup;
			children = (
				196B8AE8244CC68B0013D16C /* CircuitResponse.swift */,
			);
			path = Circuit;
			sourceTree = "<group>";
		};
		197D2038243B12E10081C78E /* Source */ = {
			isa = PBXGroup;
			children = (
				1954CFFA24431FBB00401EB2 /* Common */,
				1954CFFB2443200B00401EB2 /* AppCoordinator */,
				197D2039243B12E70081C78E /* Presentation */,
				19B1A0DE24420FBA000D4FA6 /* Assembly */,
				1954CFFC2443202C00401EB2 /* Data */,
			);
			path = Source;
			sourceTree = "<group>";
		};
		197D2039243B12E70081C78E /* Presentation */ = {
			isa = PBXGroup;
			children = (
				1933B3972441AC5E00D0BF44 /* Model */,
				1954D0012443220600401EB2 /* Views */,
				195C9361243BDFF6002CFEAD /* Components */,
			);
			path = Presentation;
			sourceTree = "<group>";
		};
		197D203A243B12EC0081C78E /* Login */ = {
			isa = PBXGroup;
			children = (
				195C935F243BD4EE002CFEAD /* LoginViewModel.swift */,
				195C935D243BD30F002CFEAD /* LoginView.swift */,
			);
			path = Login;
			sourceTree = "<group>";
		};
		1984639A24465C5100C4E25B /* ApiService */ = {
			isa = PBXGroup;
			children = (
				1984639D24465D4800C4E25B /* mocks */,
				1984639B24465C7800C4E25B /* RiderBookApiServiceTest.swift */,
			);
			path = ApiService;
			sourceTree = "<group>";
		};
		1984639D24465D4800C4E25B /* mocks */ = {
			isa = PBXGroup;
			children = (
				1984639E24465D5800C4E25B /* MockTarget.swift */,
			);
			path = mocks;
			sourceTree = "<group>";
		};
		199A076824295A14002E3A15 /* AppDependencies */ = {
			isa = PBXGroup;
			children = (
				19B692A5242C9B7300C9C43B /* Delegates */,
				19B692A4242C9B0900C9C43B /* Localization */,
				19B692A3242C9AF300C9C43B /* Assets */,
				19B692A2242C9A7C00C9C43B /* LaunchScreen */,
				194337712427B6DD00050CB0 /* Info.plist */,
			);
			path = AppDependencies;
			sourceTree = "<group>";
		};
		199EAFB22451FF47005AD180 /* LoginService */ = {
			isa = PBXGroup;
			children = (
				199EAFB52451FF8D005AD180 /* LoginServiceTest.swift */,
			);
			path = LoginService;
			sourceTree = "<group>";
		};
		199EAFB32451FF68005AD180 /* Services */ = {
			isa = PBXGroup;
			children = (
				199EAFB22451FF47005AD180 /* LoginService */,
			);
			path = Services;
			sourceTree = "<group>";
		};
		199EAFB42451FF72005AD180 /* Repositories */ = {
			isa = PBXGroup;
			children = (
				1911D44324558A2600495AD8 /* RideRepository */,
				1911D44224558A1D00495AD8 /* CircuitRepository */,
				19ABECD02450AA15005BCDEC /* UserRepository */,
				19CA2F7F244B41BB00DBDAA4 /* LocalRepository */,
			);
			path = Repositories;
			sourceTree = "<group>";
		};
		19A5DE6F24433EF9008D4886 /* Dictionary */ = {
			isa = PBXGroup;
			children = (
				19A5DE7024433F17008D4886 /* Dictionary+Json.swift */,
			);
			path = Dictionary;
			sourceTree = "<group>";
		};
		19ABECD02450AA15005BCDEC /* UserRepository */ = {
			isa = PBXGroup;
			children = (
				19ABECD22450AA37005BCDEC /* UserRepositoryTests.swift */,
			);
			path = UserRepository;
			sourceTree = "<group>";
		};
		19B1A0DA24420B53000D4FA6 /* Services */ = {
			isa = PBXGroup;
			children = (
				196B8ADE244CC50C0013D16C /* Circuit */,
				193BF2B1244C955D0017E644 /* Ride */,
				19B1A0DB24420B5E000D4FA6 /* Login */,
			);
			path = Services;
			sourceTree = "<group>";
		};
		19B1A0DB24420B5E000D4FA6 /* Login */ = {
			isa = PBXGroup;
			children = (
				1955D7A1243DB5DC00F359CA /* LoginService.swift */,
			);
			path = Login;
			sourceTree = "<group>";
		};
		19B1A0DE24420FBA000D4FA6 /* Assembly */ = {
			isa = PBXGroup;
			children = (
				19CA2F6A244AE95F00DBDAA4 /* SplashAssembly.swift */,
				19B1A0E4244219B6000D4FA6 /* LoginAssembly.swift */,
				190DC0C0244224F700BDFD9A /* HomeAssembly.swift */,
				190DC0C42442250F00BDFD9A /* RidesAssembly.swift */,
				190DC0C22442250000BDFD9A /* ProfileAssembly.swift */,
				19CA2F71244AF37C00DBDAA4 /* RegisterAssembly.swift */,
				193BF2CA244CA4A50017E644 /* AddRideAssembly.swift */,
			);
			path = Assembly;
			sourceTree = "<group>";
		};
		19B692A2242C9A7C00C9C43B /* LaunchScreen */ = {
			isa = PBXGroup;
			children = (
				1943376E2427B6DD00050CB0 /* LaunchScreen.storyboard */,
			);
			path = LaunchScreen;
			sourceTree = "<group>";
		};
		19B692A3242C9AF300C9C43B /* Assets */ = {
			isa = PBXGroup;
			children = (
				1943376C2427B6DD00050CB0 /* Assets.xcassets */,
			);
			path = Assets;
			sourceTree = "<group>";
		};
		19B692A4242C9B0900C9C43B /* Localization */ = {
			isa = PBXGroup;
			children = (
				1969F9AD242BD58400300C1B /* Localizable.strings */,
			);
			path = Localization;
			sourceTree = "<group>";
		};
		19B692A5242C9B7300C9C43B /* Delegates */ = {
			isa = PBXGroup;
			children = (
				194337602427B6DB00050CB0 /* SceneDelegate.swift */,
				1943375E2427B6DB00050CB0 /* AppDelegate.swift */,
			);
			path = Delegates;
			sourceTree = "<group>";
		};
		19B692A6242C9BDE00C9C43B /* CoreData */ = {
			isa = PBXGroup;
			children = (
				194337692427B6DB00050CB0 /* RiderBook.xcdatamodeld */,
			);
			path = CoreData;
			sourceTree = "<group>";
		};
		19CA2F65244AE5EA00DBDAA4 /* SplashView */ = {
			isa = PBXGroup;
			children = (
				19CA2F66244AE6C400DBDAA4 /* SplashView.swift */,
				19CA2F68244AE75800DBDAA4 /* SplashViewModel.swift */,
			);
			path = SplashView;
			sourceTree = "<group>";
		};
		19CA2F6C244AEFEE00DBDAA4 /* RegisterView */ = {
			isa = PBXGroup;
			children = (
				19CA2F6D244AF0F000DBDAA4 /* RegisterView.swift */,
				19CA2F6F244AF0FA00DBDAA4 /* RegisterViewModel.swift */,
			);
			path = RegisterView;
			sourceTree = "<group>";
		};
		19CA2F7F244B41BB00DBDAA4 /* LocalRepository */ = {
			isa = PBXGroup;
			children = (
				19CA2F82244B41F300DBDAA4 /* LocalRepositoryTest.swift */,
			);
			path = LocalRepository;
			sourceTree = "<group>";
		};
		19CA2F80244B41C600DBDAA4 /* Network */ = {
			isa = PBXGroup;
			children = (
				1984639A24465C5100C4E25B /* ApiService */,
			);
			path = Network;
			sourceTree = "<group>";
		};
		19CA2F81244B41CD00DBDAA4 /* Data */ = {
			isa = PBXGroup;
			children = (
				199EAFB32451FF68005AD180 /* Services */,
				199EAFB42451FF72005AD180 /* Repositories */,
				1912B87F245349870026CD83 /* CommonMocks */,
			);
			path = Data;
			sourceTree = "<group>";
		};
		19FDE8272448BD730037F246 /* Circuit */ = {
			isa = PBXGroup;
			children = (
				19FDE8292448BD950037F246 /* CircuitTarget.swift */,
			);
			path = Circuit;
			sourceTree = "<group>";
		};
		19FDE8282448BD7F0037F246 /* Ride */ = {
			isa = PBXGroup;
			children = (
				19FDE82B2448BD9F0037F246 /* RideTarget.swift */,
			);
			path = Ride;
			sourceTree = "<group>";
		};
		19FDE8312448CFE20037F246 /* Factories */ = {
			isa = PBXGroup;
			children = (
				19FDE8322448D0040037F246 /* UserFactory.swift */,
				196B8AEA244CC6FA0013D16C /* CircuitFactory.swift */,
				19A862D624546167003BA6D1 /* RideFactory.swift */,
			);
			path = Factories;
			sourceTree = "<group>";
		};
		19FDE8342448D5420037F246 /* Local */ = {
			isa = PBXGroup;
			children = (
				19FDE8352448D55D0037F246 /* LocalRepository.swift */,
			);
			path = Local;
			sourceTree = "<group>";
		};
		768177653A31C0F480BF87B0 /* Pods */ = {
			isa = PBXGroup;
			children = (
				4CFAF104EF8D57CECD7FBD20 /* Pods-RiderBook.debug.xcconfig */,
				580BF0E91CF67A73FE34D248 /* Pods-RiderBook.release.xcconfig */,
				14AC98EB8D07CBFA6C9716DB /* Pods-RiderBook-RiderBookUITests.debug.xcconfig */,
				8F3A2F9D576F84A4597A0B13 /* Pods-RiderBook-RiderBookUITests.release.xcconfig */,
				50803D61C79B43C89D0B94AC /* Pods-RiderBookTests.debug.xcconfig */,
				A08A3933B3975FFF8F29AE0B /* Pods-RiderBookTests.release.xcconfig */,
			);
			path = Pods;
			sourceTree = "<group>";
		};
		8C093A2B41CBDCC605F43224 /* Frameworks */ = {
			isa = PBXGroup;
			children = (
				72E1BAB2AB70C897429CB477 /* Pods_RiderBook.framework */,
				7C357C6A656C4CF69C35876C /* Pods_RiderBook_RiderBookUITests.framework */,
				BC7E1DA9D7FE3C074E192F83 /* Pods_RiderBookTests.framework */,
			);
			name = Frameworks;
			sourceTree = "<group>";
		};
/* End PBXGroup section */

/* Begin PBXNativeTarget section */
		1943375A2427B6DB00050CB0 /* RiderBook */ = {
			isa = PBXNativeTarget;
			buildConfigurationList = 1943378A2427B6DD00050CB0 /* Build configuration list for PBXNativeTarget "RiderBook" */;
			buildPhases = (
				9B096D7A5BE3B2CC51A86B19 /* [CP] Check Pods Manifest.lock */,
				194337572427B6DB00050CB0 /* Sources */,
				194337582427B6DB00050CB0 /* Frameworks */,
				194337592427B6DB00050CB0 /* Resources */,
			);
			buildRules = (
			);
			dependencies = (
			);
			name = RiderBook;
			productName = RiderBook;
			productReference = 1943375B2427B6DB00050CB0 /* RiderBook.app */;
			productType = "com.apple.product-type.application";
		};
		194337752427B6DD00050CB0 /* RiderBookTests */ = {
			isa = PBXNativeTarget;
			buildConfigurationList = 1943378D2427B6DD00050CB0 /* Build configuration list for PBXNativeTarget "RiderBookTests" */;
			buildPhases = (
				5D18DD9787BBCCAA3DFF5A39 /* [CP] Check Pods Manifest.lock */,
				194337722427B6DD00050CB0 /* Sources */,
				194337732427B6DD00050CB0 /* Frameworks */,
				194337742427B6DD00050CB0 /* Resources */,
			);
			buildRules = (
			);
			dependencies = (
				194337782427B6DD00050CB0 /* PBXTargetDependency */,
			);
			name = RiderBookTests;
			productName = RiderBookTests;
			productReference = 194337762427B6DD00050CB0 /* RiderBookTests.xctest */;
			productType = "com.apple.product-type.bundle.unit-test";
		};
		194337802427B6DD00050CB0 /* RiderBookUITests */ = {
			isa = PBXNativeTarget;
			buildConfigurationList = 194337902427B6DD00050CB0 /* Build configuration list for PBXNativeTarget "RiderBookUITests" */;
			buildPhases = (
				AFADBB7622E9D9215054B4C4 /* [CP] Check Pods Manifest.lock */,
				1943377D2427B6DD00050CB0 /* Sources */,
				1943377E2427B6DD00050CB0 /* Frameworks */,
				1943377F2427B6DD00050CB0 /* Resources */,
			);
			buildRules = (
			);
			dependencies = (
				194337832427B6DD00050CB0 /* PBXTargetDependency */,
			);
			name = RiderBookUITests;
			productName = RiderBookUITests;
			productReference = 194337812427B6DD00050CB0 /* RiderBookUITests.xctest */;
			productType = "com.apple.product-type.bundle.ui-testing";
		};
/* End PBXNativeTarget section */

/* Begin PBXProject section */
		194337532427B6DB00050CB0 /* Project object */ = {
			isa = PBXProject;
			attributes = {
				LastSwiftUpdateCheck = 1120;
				LastUpgradeCheck = 1120;
				ORGANIZATIONNAME = "Pere Almendro";
				TargetAttributes = {
					1943375A2427B6DB00050CB0 = {
						CreatedOnToolsVersion = 11.2.1;
					};
					194337752427B6DD00050CB0 = {
						CreatedOnToolsVersion = 11.2.1;
						TestTargetID = 1943375A2427B6DB00050CB0;
					};
					194337802427B6DD00050CB0 = {
						CreatedOnToolsVersion = 11.2.1;
						LastSwiftMigration = 1140;
						TestTargetID = 1943375A2427B6DB00050CB0;
					};
				};
			};
			buildConfigurationList = 194337562427B6DB00050CB0 /* Build configuration list for PBXProject "RiderBook" */;
			compatibilityVersion = "Xcode 9.3";
			developmentRegion = en;
			hasScannedForEncodings = 0;
			knownRegions = (
				en,
				Base,
				es,
				ca,
			);
			mainGroup = 194337522427B6DB00050CB0;
			productRefGroup = 1943375C2427B6DB00050CB0 /* Products */;
			projectDirPath = "";
			projectRoot = "";
			targets = (
				1943375A2427B6DB00050CB0 /* RiderBook */,
				194337752427B6DD00050CB0 /* RiderBookTests */,
				194337802427B6DD00050CB0 /* RiderBookUITests */,
			);
		};
/* End PBXProject section */

/* Begin PBXResourcesBuildPhase section */
		194337592427B6DB00050CB0 /* Resources */ = {
			isa = PBXResourcesBuildPhase;
			buildActionMask = 2147483647;
			files = (
				194337702427B6DD00050CB0 /* LaunchScreen.storyboard in Resources */,
				1969F9AB242BD58400300C1B /* Localizable.strings in Resources */,
				1943376D2427B6DD00050CB0 /* Assets.xcassets in Resources */,
			);
			runOnlyForDeploymentPostprocessing = 0;
		};
		194337742427B6DD00050CB0 /* Resources */ = {
			isa = PBXResourcesBuildPhase;
			buildActionMask = 2147483647;
			files = (
			);
			runOnlyForDeploymentPostprocessing = 0;
		};
		1943377F2427B6DD00050CB0 /* Resources */ = {
			isa = PBXResourcesBuildPhase;
			buildActionMask = 2147483647;
			files = (
			);
			runOnlyForDeploymentPostprocessing = 0;
		};
/* End PBXResourcesBuildPhase section */

/* Begin PBXShellScriptBuildPhase section */
		5D18DD9787BBCCAA3DFF5A39 /* [CP] Check Pods Manifest.lock */ = {
			isa = PBXShellScriptBuildPhase;
			buildActionMask = 2147483647;
			files = (
			);
			inputFileListPaths = (
			);
			inputPaths = (
				"${PODS_PODFILE_DIR_PATH}/Podfile.lock",
				"${PODS_ROOT}/Manifest.lock",
			);
			name = "[CP] Check Pods Manifest.lock";
			outputFileListPaths = (
			);
			outputPaths = (
				"$(DERIVED_FILE_DIR)/Pods-RiderBookTests-checkManifestLockResult.txt",
			);
			runOnlyForDeploymentPostprocessing = 0;
			shellPath = /bin/sh;
			shellScript = "diff \"${PODS_PODFILE_DIR_PATH}/Podfile.lock\" \"${PODS_ROOT}/Manifest.lock\" > /dev/null\nif [ $? != 0 ] ; then\n    # print error to STDERR\n    echo \"error: The sandbox is not in sync with the Podfile.lock. Run 'pod install' or update your CocoaPods installation.\" >&2\n    exit 1\nfi\n# This output is used by Xcode 'outputs' to avoid re-running this script phase.\necho \"SUCCESS\" > \"${SCRIPT_OUTPUT_FILE_0}\"\n";
			showEnvVarsInLog = 0;
		};
		9B096D7A5BE3B2CC51A86B19 /* [CP] Check Pods Manifest.lock */ = {
			isa = PBXShellScriptBuildPhase;
			buildActionMask = 2147483647;
			files = (
			);
			inputFileListPaths = (
			);
			inputPaths = (
				"${PODS_PODFILE_DIR_PATH}/Podfile.lock",
				"${PODS_ROOT}/Manifest.lock",
			);
			name = "[CP] Check Pods Manifest.lock";
			outputFileListPaths = (
			);
			outputPaths = (
				"$(DERIVED_FILE_DIR)/Pods-RiderBook-checkManifestLockResult.txt",
			);
			runOnlyForDeploymentPostprocessing = 0;
			shellPath = /bin/sh;
			shellScript = "diff \"${PODS_PODFILE_DIR_PATH}/Podfile.lock\" \"${PODS_ROOT}/Manifest.lock\" > /dev/null\nif [ $? != 0 ] ; then\n    # print error to STDERR\n    echo \"error: The sandbox is not in sync with the Podfile.lock. Run 'pod install' or update your CocoaPods installation.\" >&2\n    exit 1\nfi\n# This output is used by Xcode 'outputs' to avoid re-running this script phase.\necho \"SUCCESS\" > \"${SCRIPT_OUTPUT_FILE_0}\"\n";
			showEnvVarsInLog = 0;
		};
		AFADBB7622E9D9215054B4C4 /* [CP] Check Pods Manifest.lock */ = {
			isa = PBXShellScriptBuildPhase;
			buildActionMask = 2147483647;
			files = (
			);
			inputFileListPaths = (
			);
			inputPaths = (
				"${PODS_PODFILE_DIR_PATH}/Podfile.lock",
				"${PODS_ROOT}/Manifest.lock",
			);
			name = "[CP] Check Pods Manifest.lock";
			outputFileListPaths = (
			);
			outputPaths = (
				"$(DERIVED_FILE_DIR)/Pods-RiderBook-RiderBookUITests-checkManifestLockResult.txt",
			);
			runOnlyForDeploymentPostprocessing = 0;
			shellPath = /bin/sh;
			shellScript = "diff \"${PODS_PODFILE_DIR_PATH}/Podfile.lock\" \"${PODS_ROOT}/Manifest.lock\" > /dev/null\nif [ $? != 0 ] ; then\n    # print error to STDERR\n    echo \"error: The sandbox is not in sync with the Podfile.lock. Run 'pod install' or update your CocoaPods installation.\" >&2\n    exit 1\nfi\n# This output is used by Xcode 'outputs' to avoid re-running this script phase.\necho \"SUCCESS\" > \"${SCRIPT_OUTPUT_FILE_0}\"\n";
			showEnvVarsInLog = 0;
		};
/* End PBXShellScriptBuildPhase section */

/* Begin PBXSourcesBuildPhase section */
		194337572427B6DB00050CB0 /* Sources */ = {
			isa = PBXSourcesBuildPhase;
			buildActionMask = 2147483647;
			files = (
				196B8AE3244CC5630013D16C /* CircuitRepository.swift in Sources */,
				193BF2C4244C9F770017E644 /* RidesViewModel.swift in Sources */,
				1954D00624432B6600401EB2 /* ApiTargetProtocol.swift in Sources */,
				1943376B2427B6DB00050CB0 /* RiderBook.xcdatamodeld in Sources */,
				19FDE8362448D55D0037F246 /* LocalRepository.swift in Sources */,
				19B1A0E924421A62000D4FA6 /* AppCoordinator.swift in Sources */,
				1933B3A42441B01E00D0BF44 /* RidesView.swift in Sources */,
				1943375F2427B6DB00050CB0 /* AppDelegate.swift in Sources */,
				193BF2C9244CA4650017E644 /* AddRideViewModel.swift in Sources */,
				19CA2F70244AF0FA00DBDAA4 /* RegisterViewModel.swift in Sources */,
				193BF2CB244CA4A50017E644 /* AddRideAssembly.swift in Sources */,
				199A075A24294F1D002E3A15 /* UIApplication+extension.swift in Sources */,
				193BF2B6244C95A20017E644 /* RideRepository.swift in Sources */,
				196B8AEB244CC6FA0013D16C /* CircuitFactory.swift in Sources */,
				19A5DE7124433F17008D4886 /* Dictionary+Json.swift in Sources */,
				19FDE82C2448BD9F0037F246 /* RideTarget.swift in Sources */,
				190DC0C1244224F700BDFD9A /* HomeAssembly.swift in Sources */,
				193DEEAB24446FAB00815150 /* HttpMethod.swift in Sources */,
				19CA2F72244AF37C00DBDAA4 /* RegisterAssembly.swift in Sources */,
				1954D00C24432E1E00401EB2 /* UserRepository.swift in Sources */,
				1911D4412455833D00495AD8 /* RideListItem.swift in Sources */,
				1954D00824432B9600401EB2 /* RiderBookError.swift in Sources */,
				19A5DE7324433FDF008D4886 /* CreateUserRequest.swift in Sources */,
				193DEE9F24446E2500815150 /* UserResponse.swift in Sources */,
				193DEEAD24446FFB00815150 /* RequestableProtocol.swift in Sources */,
				193BF2BC244C99000017E644 /* RideListRequest.swift in Sources */,
				193BF2C0244C9C510017E644 /* AddRideResponse.swift in Sources */,
				194641EF24499B56000B9B6C /* CustomTextField.swift in Sources */,
				19A862D724546167003BA6D1 /* RideFactory.swift in Sources */,
				19CA2F6B244AE95F00DBDAA4 /* SplashAssembly.swift in Sources */,
				1933B39A2441ACAE00D0BF44 /* User.swift in Sources */,
				193DEEA824446F8100815150 /* ApiHostUrl.swift in Sources */,
				190DC0C52442250F00BDFD9A /* RidesAssembly.swift in Sources */,
				19CA2F69244AE75800DBDAA4 /* SplashViewModel.swift in Sources */,
				1955D7A2243DB5DC00F359CA /* LoginService.swift in Sources */,
				19B1A0E5244219B6000D4FA6 /* LoginAssembly.swift in Sources */,
				193DEEA124446E5300815150 /* LoginRequest.swift in Sources */,
				19FDE8332448D0040037F246 /* UserFactory.swift in Sources */,
				195C9360243BD4EE002CFEAD /* LoginViewModel.swift in Sources */,
				193BF2C7244CA45B0017E644 /* AddRideView.swift in Sources */,
				19FDE82A2448BD950037F246 /* CircuitTarget.swift in Sources */,
				193BF2B9244C96C60017E644 /* RideListResponse.swift in Sources */,
				190DC0C32442250000BDFD9A /* ProfileAssembly.swift in Sources */,
				195C935E243BD30F002CFEAD /* LoginView.swift in Sources */,
				193DEEAF244472B900815150 /* RiderBookServiceErrorResponse.swift in Sources */,
				193BF2B3244C956B0017E644 /* RideService.swift in Sources */,
				196B8AE9244CC68B0013D16C /* CircuitResponse.swift in Sources */,
				1933B39D2441AFC500D0BF44 /* TabBarView.swift in Sources */,
				196B8AE0244CC5230013D16C /* CircuitService.swift in Sources */,
				19CA2F6E244AF0F000DBDAA4 /* RegisterView.swift in Sources */,
				1933B3A92441BC6900D0BF44 /* String+Extension.swift in Sources */,
				1954D01024432E9500401EB2 /* UserTarget.swift in Sources */,
				195C9363243BE00C002CFEAD /* CustomButton.swift in Sources */,
				1954D004244323B200401EB2 /* RiderBookApiService.swift in Sources */,
				193BF2C2244C9DBB0017E644 /* Ride.swift in Sources */,
				1933B3A62441B02600D0BF44 /* HomeView.swift in Sources */,
				1933B3A22441B01100D0BF44 /* ProfileView.swift in Sources */,
				193BF2BE244C99E70017E644 /* AddRideRequest.swift in Sources */,
				194337612427B6DB00050CB0 /* SceneDelegate.swift in Sources */,
				19FDE8302448C7780037F246 /* LoadingView.swift in Sources */,
				19CA2F67244AE6C400DBDAA4 /* SplashView.swift in Sources */,
				196B8AE6244CC59A0013D16C /* Circuit.swift in Sources */,
			);
			runOnlyForDeploymentPostprocessing = 0;
		};
		194337722427B6DD00050CB0 /* Sources */ = {
			isa = PBXSourcesBuildPhase;
			buildActionMask = 2147483647;
			files = (
				1912B88324534FEE0026CD83 /* UserRepositoryMocks.swift in Sources */,
				19CA2F83244B41F300DBDAA4 /* LocalRepositoryTest.swift in Sources */,
				1912B881245349970026CD83 /* MockLocalRepository.swift in Sources */,
				1984639F24465D5900C4E25B /* MockTarget.swift in Sources */,
				1911D44524558A3F00495AD8 /* CircuitRepositoryTest.swift in Sources */,
				19ABECD32450AA37005BCDEC /* UserRepositoryTests.swift in Sources */,
				19ABECD52450AD4D005BCDEC /* MockApiService.swift in Sources */,
				1984639C24465C7800C4E25B /* RiderBookApiServiceTest.swift in Sources */,
				199EAFB62451FF8D005AD180 /* LoginServiceTest.swift in Sources */,
				1911D44724558A4900495AD8 /* RideRepositoryTest.swift in Sources */,
			);
			runOnlyForDeploymentPostprocessing = 0;
		};
		1943377D2427B6DD00050CB0 /* Sources */ = {
			isa = PBXSourcesBuildPhase;
			buildActionMask = 2147483647;
			files = (
			);
			runOnlyForDeploymentPostprocessing = 0;
		};
/* End PBXSourcesBuildPhase section */

/* Begin PBXTargetDependency section */
		194337782427B6DD00050CB0 /* PBXTargetDependency */ = {
			isa = PBXTargetDependency;
			target = 1943375A2427B6DB00050CB0 /* RiderBook */;
			targetProxy = 194337772427B6DD00050CB0 /* PBXContainerItemProxy */;
		};
		194337832427B6DD00050CB0 /* PBXTargetDependency */ = {
			isa = PBXTargetDependency;
			target = 1943375A2427B6DB00050CB0 /* RiderBook */;
			targetProxy = 194337822427B6DD00050CB0 /* PBXContainerItemProxy */;
		};
/* End PBXTargetDependency section */

/* Begin PBXVariantGroup section */
		1943376E2427B6DD00050CB0 /* LaunchScreen.storyboard */ = {
			isa = PBXVariantGroup;
			children = (
				1943376F2427B6DD00050CB0 /* Base */,
				1969F9AE242BD5B200300C1B /* es */,
				1969F9B0242BD5BA00300C1B /* ca */,
			);
			name = LaunchScreen.storyboard;
			sourceTree = "<group>";
		};
		1969F9AD242BD58400300C1B /* Localizable.strings */ = {
			isa = PBXVariantGroup;
			children = (
				1969F9AC242BD58400300C1B /* en */,
				1969F9AF242BD5B200300C1B /* es */,
				1969F9B1242BD5BA00300C1B /* ca */,
			);
			name = Localizable.strings;
			sourceTree = "<group>";
		};
/* End PBXVariantGroup section */

/* Begin XCBuildConfiguration section */
		194337882427B6DD00050CB0 /* Debug */ = {
			isa = XCBuildConfiguration;
			buildSettings = {
				ALWAYS_SEARCH_USER_PATHS = NO;
				CLANG_ANALYZER_LOCALIZABILITY_NONLOCALIZED = YES;
				CLANG_ANALYZER_NONNULL = YES;
				CLANG_ANALYZER_NUMBER_OBJECT_CONVERSION = YES_AGGRESSIVE;
				CLANG_CXX_LANGUAGE_STANDARD = "gnu++14";
				CLANG_CXX_LIBRARY = "libc++";
				CLANG_ENABLE_MODULES = YES;
				CLANG_ENABLE_OBJC_ARC = YES;
				CLANG_ENABLE_OBJC_WEAK = YES;
				CLANG_WARN_BLOCK_CAPTURE_AUTORELEASING = YES;
				CLANG_WARN_BOOL_CONVERSION = YES;
				CLANG_WARN_COMMA = YES;
				CLANG_WARN_CONSTANT_CONVERSION = YES;
				CLANG_WARN_DEPRECATED_OBJC_IMPLEMENTATIONS = YES;
				CLANG_WARN_DIRECT_OBJC_ISA_USAGE = YES_ERROR;
				CLANG_WARN_DOCUMENTATION_COMMENTS = YES;
				CLANG_WARN_EMPTY_BODY = YES;
				CLANG_WARN_ENUM_CONVERSION = YES;
				CLANG_WARN_INFINITE_RECURSION = YES;
				CLANG_WARN_INT_CONVERSION = YES;
				CLANG_WARN_NON_LITERAL_NULL_CONVERSION = YES;
				CLANG_WARN_OBJC_IMPLICIT_RETAIN_SELF = YES;
				CLANG_WARN_OBJC_LITERAL_CONVERSION = YES;
				CLANG_WARN_OBJC_ROOT_CLASS = YES_ERROR;
				CLANG_WARN_RANGE_LOOP_ANALYSIS = YES;
				CLANG_WARN_STRICT_PROTOTYPES = YES;
				CLANG_WARN_SUSPICIOUS_MOVE = YES;
				CLANG_WARN_UNGUARDED_AVAILABILITY = YES_AGGRESSIVE;
				CLANG_WARN_UNREACHABLE_CODE = YES;
				CLANG_WARN__DUPLICATE_METHOD_MATCH = YES;
				COPY_PHASE_STRIP = NO;
				DEBUG_INFORMATION_FORMAT = dwarf;
				ENABLE_STRICT_OBJC_MSGSEND = YES;
				ENABLE_TESTABILITY = YES;
				GCC_C_LANGUAGE_STANDARD = gnu11;
				GCC_DYNAMIC_NO_PIC = NO;
				GCC_NO_COMMON_BLOCKS = YES;
				GCC_OPTIMIZATION_LEVEL = 0;
				GCC_PREPROCESSOR_DEFINITIONS = (
					"DEBUG=1",
					"$(inherited)",
				);
				GCC_WARN_64_TO_32_BIT_CONVERSION = YES;
				GCC_WARN_ABOUT_RETURN_TYPE = YES_ERROR;
				GCC_WARN_UNDECLARED_SELECTOR = YES;
				GCC_WARN_UNINITIALIZED_AUTOS = YES_AGGRESSIVE;
				GCC_WARN_UNUSED_FUNCTION = YES;
				GCC_WARN_UNUSED_VARIABLE = YES;
				IPHONEOS_DEPLOYMENT_TARGET = 13.2;
				MTL_ENABLE_DEBUG_INFO = INCLUDE_SOURCE;
				MTL_FAST_MATH = YES;
				ONLY_ACTIVE_ARCH = YES;
				SDKROOT = iphoneos;
				SWIFT_ACTIVE_COMPILATION_CONDITIONS = DEBUG;
				SWIFT_OPTIMIZATION_LEVEL = "-Onone";
			};
			name = Debug;
		};
		194337892427B6DD00050CB0 /* Release */ = {
			isa = XCBuildConfiguration;
			buildSettings = {
				ALWAYS_SEARCH_USER_PATHS = NO;
				CLANG_ANALYZER_LOCALIZABILITY_NONLOCALIZED = YES;
				CLANG_ANALYZER_NONNULL = YES;
				CLANG_ANALYZER_NUMBER_OBJECT_CONVERSION = YES_AGGRESSIVE;
				CLANG_CXX_LANGUAGE_STANDARD = "gnu++14";
				CLANG_CXX_LIBRARY = "libc++";
				CLANG_ENABLE_MODULES = YES;
				CLANG_ENABLE_OBJC_ARC = YES;
				CLANG_ENABLE_OBJC_WEAK = YES;
				CLANG_WARN_BLOCK_CAPTURE_AUTORELEASING = YES;
				CLANG_WARN_BOOL_CONVERSION = YES;
				CLANG_WARN_COMMA = YES;
				CLANG_WARN_CONSTANT_CONVERSION = YES;
				CLANG_WARN_DEPRECATED_OBJC_IMPLEMENTATIONS = YES;
				CLANG_WARN_DIRECT_OBJC_ISA_USAGE = YES_ERROR;
				CLANG_WARN_DOCUMENTATION_COMMENTS = YES;
				CLANG_WARN_EMPTY_BODY = YES;
				CLANG_WARN_ENUM_CONVERSION = YES;
				CLANG_WARN_INFINITE_RECURSION = YES;
				CLANG_WARN_INT_CONVERSION = YES;
				CLANG_WARN_NON_LITERAL_NULL_CONVERSION = YES;
				CLANG_WARN_OBJC_IMPLICIT_RETAIN_SELF = YES;
				CLANG_WARN_OBJC_LITERAL_CONVERSION = YES;
				CLANG_WARN_OBJC_ROOT_CLASS = YES_ERROR;
				CLANG_WARN_RANGE_LOOP_ANALYSIS = YES;
				CLANG_WARN_STRICT_PROTOTYPES = YES;
				CLANG_WARN_SUSPICIOUS_MOVE = YES;
				CLANG_WARN_UNGUARDED_AVAILABILITY = YES_AGGRESSIVE;
				CLANG_WARN_UNREACHABLE_CODE = YES;
				CLANG_WARN__DUPLICATE_METHOD_MATCH = YES;
				COPY_PHASE_STRIP = NO;
				DEBUG_INFORMATION_FORMAT = "dwarf-with-dsym";
				ENABLE_NS_ASSERTIONS = NO;
				ENABLE_STRICT_OBJC_MSGSEND = YES;
				GCC_C_LANGUAGE_STANDARD = gnu11;
				GCC_NO_COMMON_BLOCKS = YES;
				GCC_WARN_64_TO_32_BIT_CONVERSION = YES;
				GCC_WARN_ABOUT_RETURN_TYPE = YES_ERROR;
				GCC_WARN_UNDECLARED_SELECTOR = YES;
				GCC_WARN_UNINITIALIZED_AUTOS = YES_AGGRESSIVE;
				GCC_WARN_UNUSED_FUNCTION = YES;
				GCC_WARN_UNUSED_VARIABLE = YES;
				IPHONEOS_DEPLOYMENT_TARGET = 13.2;
				MTL_ENABLE_DEBUG_INFO = NO;
				MTL_FAST_MATH = YES;
				SDKROOT = iphoneos;
				SWIFT_COMPILATION_MODE = wholemodule;
				SWIFT_OPTIMIZATION_LEVEL = "-O";
				VALIDATE_PRODUCT = YES;
			};
			name = Release;
		};
		1943378B2427B6DD00050CB0 /* Debug */ = {
			isa = XCBuildConfiguration;
			baseConfigurationReference = 4CFAF104EF8D57CECD7FBD20 /* Pods-RiderBook.debug.xcconfig */;
			buildSettings = {
				ALWAYS_EMBED_SWIFT_STANDARD_LIBRARIES = "$(inherited)";
				ASSETCATALOG_COMPILER_APPICON_NAME = AppIcon;
				CODE_SIGN_STYLE = Automatic;
				DEVELOPMENT_TEAM = L2Q32UK29R;
				INFOPLIST_FILE = RiderBook/AppDependencies/Info.plist;
				LD_RUNPATH_SEARCH_PATHS = (
					"$(inherited)",
					"@executable_path/Frameworks",
				);
				PRODUCT_BUNDLE_IDENTIFIER = com.palmendrob.RiderBook;
				PRODUCT_NAME = "$(TARGET_NAME)";
				SWIFT_VERSION = 5.0;
				TARGETED_DEVICE_FAMILY = 1;
			};
			name = Debug;
		};
		1943378C2427B6DD00050CB0 /* Release */ = {
			isa = XCBuildConfiguration;
			baseConfigurationReference = 580BF0E91CF67A73FE34D248 /* Pods-RiderBook.release.xcconfig */;
			buildSettings = {
				ALWAYS_EMBED_SWIFT_STANDARD_LIBRARIES = "$(inherited)";
				ASSETCATALOG_COMPILER_APPICON_NAME = AppIcon;
				CODE_SIGN_STYLE = Automatic;
				DEVELOPMENT_TEAM = L2Q32UK29R;
				INFOPLIST_FILE = RiderBook/AppDependencies/Info.plist;
				LD_RUNPATH_SEARCH_PATHS = (
					"$(inherited)",
					"@executable_path/Frameworks",
				);
				PRODUCT_BUNDLE_IDENTIFIER = com.palmendrob.RiderBook;
				PRODUCT_NAME = "$(TARGET_NAME)";
				SWIFT_VERSION = 5.0;
				TARGETED_DEVICE_FAMILY = 1;
			};
			name = Release;
		};
		1943378E2427B6DD00050CB0 /* Debug */ = {
			isa = XCBuildConfiguration;
			baseConfigurationReference = 50803D61C79B43C89D0B94AC /* Pods-RiderBookTests.debug.xcconfig */;
			buildSettings = {
				ALWAYS_EMBED_SWIFT_STANDARD_LIBRARIES = "$(inherited)";
				BUNDLE_LOADER = "$(TEST_HOST)";
				CODE_SIGN_STYLE = Automatic;
				DEVELOPMENT_TEAM = L2Q32UK29R;
				INFOPLIST_FILE = RiderBookTests/Info.plist;
				IPHONEOS_DEPLOYMENT_TARGET = 13.2;
				LD_RUNPATH_SEARCH_PATHS = (
					"$(inherited)",
					"@executable_path/Frameworks",
					"@loader_path/Frameworks",
				);
				PRODUCT_BUNDLE_IDENTIFIER = com.palmendrob.RiderBookTests;
				PRODUCT_NAME = "$(TARGET_NAME)";
				SWIFT_VERSION = 5.0;
				TARGETED_DEVICE_FAMILY = "1,2";
				TEST_HOST = "$(BUILT_PRODUCTS_DIR)/RiderBook.app/RiderBook";
			};
			name = Debug;
		};
		1943378F2427B6DD00050CB0 /* Release */ = {
			isa = XCBuildConfiguration;
			baseConfigurationReference = A08A3933B3975FFF8F29AE0B /* Pods-RiderBookTests.release.xcconfig */;
			buildSettings = {
				ALWAYS_EMBED_SWIFT_STANDARD_LIBRARIES = "$(inherited)";
				BUNDLE_LOADER = "$(TEST_HOST)";
				CODE_SIGN_STYLE = Automatic;
				DEVELOPMENT_TEAM = L2Q32UK29R;
				INFOPLIST_FILE = RiderBookTests/Info.plist;
				IPHONEOS_DEPLOYMENT_TARGET = 13.2;
				LD_RUNPATH_SEARCH_PATHS = (
					"$(inherited)",
					"@executable_path/Frameworks",
					"@loader_path/Frameworks",
				);
				PRODUCT_BUNDLE_IDENTIFIER = com.palmendrob.RiderBookTests;
				PRODUCT_NAME = "$(TARGET_NAME)";
				SWIFT_VERSION = 5.0;
				TARGETED_DEVICE_FAMILY = "1,2";
				TEST_HOST = "$(BUILT_PRODUCTS_DIR)/RiderBook.app/RiderBook";
			};
			name = Release;
		};
		194337912427B6DD00050CB0 /* Debug */ = {
			isa = XCBuildConfiguration;
			baseConfigurationReference = 14AC98EB8D07CBFA6C9716DB /* Pods-RiderBook-RiderBookUITests.debug.xcconfig */;
			buildSettings = {
				ALWAYS_EMBED_SWIFT_STANDARD_LIBRARIES = "$(inherited)";
				CLANG_ENABLE_MODULES = YES;
				CODE_SIGN_STYLE = Automatic;
				DEVELOPMENT_TEAM = L2Q32UK29R;
				INFOPLIST_FILE = RiderBookUITests/Info.plist;
				LD_RUNPATH_SEARCH_PATHS = (
					"$(inherited)",
					"@executable_path/Frameworks",
					"@loader_path/Frameworks",
				);
				PRODUCT_BUNDLE_IDENTIFIER = com.palmendrob.RiderBookUITests;
				PRODUCT_NAME = "$(TARGET_NAME)";
				SWIFT_OPTIMIZATION_LEVEL = "-Onone";
				SWIFT_VERSION = 5.0;
				TARGETED_DEVICE_FAMILY = "1,2";
				TEST_TARGET_NAME = RiderBook;
			};
			name = Debug;
		};
		194337922427B6DD00050CB0 /* Release */ = {
			isa = XCBuildConfiguration;
			baseConfigurationReference = 8F3A2F9D576F84A4597A0B13 /* Pods-RiderBook-RiderBookUITests.release.xcconfig */;
			buildSettings = {
				ALWAYS_EMBED_SWIFT_STANDARD_LIBRARIES = "$(inherited)";
				CLANG_ENABLE_MODULES = YES;
				CODE_SIGN_STYLE = Automatic;
				DEVELOPMENT_TEAM = L2Q32UK29R;
				INFOPLIST_FILE = RiderBookUITests/Info.plist;
				LD_RUNPATH_SEARCH_PATHS = (
					"$(inherited)",
					"@executable_path/Frameworks",
					"@loader_path/Frameworks",
				);
				PRODUCT_BUNDLE_IDENTIFIER = com.palmendrob.RiderBookUITests;
				PRODUCT_NAME = "$(TARGET_NAME)";
				SWIFT_VERSION = 5.0;
				TARGETED_DEVICE_FAMILY = "1,2";
				TEST_TARGET_NAME = RiderBook;
			};
			name = Release;
		};
/* End XCBuildConfiguration section */

/* Begin XCConfigurationList section */
		194337562427B6DB00050CB0 /* Build configuration list for PBXProject "RiderBook" */ = {
			isa = XCConfigurationList;
			buildConfigurations = (
				194337882427B6DD00050CB0 /* Debug */,
				194337892427B6DD00050CB0 /* Release */,
			);
			defaultConfigurationIsVisible = 0;
			defaultConfigurationName = Release;
		};
		1943378A2427B6DD00050CB0 /* Build configuration list for PBXNativeTarget "RiderBook" */ = {
			isa = XCConfigurationList;
			buildConfigurations = (
				1943378B2427B6DD00050CB0 /* Debug */,
				1943378C2427B6DD00050CB0 /* Release */,
			);
			defaultConfigurationIsVisible = 0;
			defaultConfigurationName = Release;
		};
		1943378D2427B6DD00050CB0 /* Build configuration list for PBXNativeTarget "RiderBookTests" */ = {
			isa = XCConfigurationList;
			buildConfigurations = (
				1943378E2427B6DD00050CB0 /* Debug */,
				1943378F2427B6DD00050CB0 /* Release */,
			);
			defaultConfigurationIsVisible = 0;
			defaultConfigurationName = Release;
		};
		194337902427B6DD00050CB0 /* Build configuration list for PBXNativeTarget "RiderBookUITests" */ = {
			isa = XCConfigurationList;
			buildConfigurations = (
				194337912427B6DD00050CB0 /* Debug */,
				194337922427B6DD00050CB0 /* Release */,
			);
			defaultConfigurationIsVisible = 0;
			defaultConfigurationName = Release;
		};
/* End XCConfigurationList section */

/* Begin XCVersionGroup section */
		194337692427B6DB00050CB0 /* RiderBook.xcdatamodeld */ = {
			isa = XCVersionGroup;
			children = (
				1943376A2427B6DB00050CB0 /* RiderBook.xcdatamodel */,
			);
			currentVersion = 1943376A2427B6DB00050CB0 /* RiderBook.xcdatamodel */;
			path = RiderBook.xcdatamodeld;
			sourceTree = "<group>";
			versionGroupType = wrapper.xcdatamodel;
		};
/* End XCVersionGroup section */
	};
	rootObject = 194337532427B6DB00050CB0 /* Project object */;
}
